{
  "originHash" : "66d0f92680e846a926ae6d36416037e28b9e1312c0c150e1848bad6a309513a0",
  "pins" : [
    {
      "identity" : "activityindicatorview",
      "kind" : "remoteSourceControl",
      "location" : "https://github.com/exyte/ActivityIndicatorView.git",
      "state" : {
        "revision" : "36140867802ae4a1d2b11490bcbbefe058001d14",
        "version" : "1.2.1"
      }
    },
    {
      "identity" : "codescanner",
      "kind" : "remoteSourceControl",
      "location" : "https://github.com/twostraws/CodeScanner",
      "state" : {
        "branch" : "main",
        "revision" : "cb7a063b1059b907a1e6bc3d1e9459db07b1a5b5"
      }
    },
    {
      "identity" : "iqkeyboardmanager",
      "kind" : "remoteSourceControl",
      "location" : "https://github.com/hackiftekhar/IQKeyboardManager",
      "state" : {
        "revision" : "c00b1ae9fa1ad8af4465bb6ca901f6943fc98eba",
        "version" : "6.5.16"
      }
    },
    {
      "identity" : "lottie-ios",
      "kind" : "remoteSourceControl",
      "location" : "https://github.com/airbnb/lottie-ios",
      "state" : {
        "revision" : "a004050748dc197c56256a14dca49a035d74726c",
        "version" : "4.5.2"
      }
    }
  ],
  "version" : 3
}
